
Microsoft Visual Studio Solution File, Format Version 12.00
# Visual Studio Version 17
VisualStudioVersion = 17.9.34902.65
MinimumVisualStudioVersion = 10.0.40219.1
Project("{FAE04EC0-301F-11D3-BF4B-00C04F79EFBC}") = "lesson5 -allert", "lesson5 -allert\lesson5 -allert.csproj", "{A2CAE780-CE43-4A48-95B7-92A2D20C7408}"
EndProject
Global
	GlobalSection(SolutionConfigurationPlatforms) = preSolution
		Debug|Any CPU = Debug|Any CPU
		Release|Any CPU = Release|Any CPU
	EndGlobalSection
	GlobalSection(ProjectConfigurationPlatforms) = postSolution
		{A2CAE780-CE43-4A48-95B7-92A2D20C7408}.Debug|Any CPU.ActiveCfg = Debug|Any CPU
		{A2CAE780-CE43-4A48-95B7-92A2D20C7408}.Debug|Any CPU.Build.0 = Debug|Any CPU
		{A2CAE780-CE43-4A48-95B7-92A2D20C7408}.Release|Any CPU.ActiveCfg = Release|Any CPU
		{A2CAE780-CE43-4A48-95B7-92A2D20C7408}.Release|Any CPU.Build.0 = Release|Any CPU
	EndGlobalSection
	GlobalSection(SolutionProperties) = preSolution
		HideSolutionNode = FALSE
	EndGlobalSection
	GlobalSection(ExtensibilityGlobals) = postSolution
		SolutionGuid = {A175190B-B871-4FEA-BD7C-4D900588009D}
	EndGlobalSection
EndGlobal
